{
  "pins" : [
    {
      "identity" : "anycodable",
      "kind" : "remoteSourceControl",
      "location" : "https://github.com/flight-school/AnyCodable.git",
      "state" : {
        "revision" : "56901f2af3625b38924d488b612e95fe8846ee9b",
        "version" : "0.6.6"
      }
    },
    {
      "identity" : "geojson",
      "kind" : "remoteSourceControl",
      "location" : "https://github.com/kiliankoe/GeoJSON",
      "state" : {
        "branch" : "main",
        "revision" : "f1549a42febf8de2de5d7178610f9551f4fcd927"
      }
    },
    {
      "identity" : "glmapswift",
      "kind" : "remoteSourceControl",
      "location" : "https://github.com/GLMap/GLMapSwift",
      "state" : {
        "branch" : "master",
        "revision" : "8461ee43db6d18d4f46ad444cf9fd1a94d5112a2"
      }
    },
    {
      "identity" : "xmlcoder",
      "kind" : "remoteSourceControl",
      "location" : "https://github.com/CoreOffice/XMLCoder",
      "state" : {
        "revision" : "ca932442d7481700f5434a7b138c47dd42d9902b",
        "version" : "0.14.0"
      }
    }
  ],
  "version" : 2
}
