{
  "object": {
    "pins": [
      {
        "package": "AnyCodable",
        "repositoryURL": "https://github.com/flight-school/AnyCodable.git",
        "state": {
          "branch": null,
          "revision": "862808b2070cd908cb04f9aafe7de83d35f81b05",
          "version": "0.6.7"
        }
      },
      {
        "package": "GeoJSON",
        "repositoryURL": "https://github.com/kiliankoe/GeoJSON",
        "state": {
          "branch": "main",
          "revision": "86fcb9c78d4c452a347d8dee64cc5deac35d451e",
          "version": null
        }
      },
      {
        "package": "GLMap",
        "repositoryURL": "https://github.com/GLMap/GLMapSwift",
        "state": {
          "branch": "snapshot",
          "revision": "a87d7b5c05e43020ace56ac4abfe34a7f1f927d3",
          "version": null
        }
      },
      {
        "package": "XMLCoder",
        "repositoryURL": "https://github.com/CoreOffice/XMLCoder",
        "state": {
          "branch": null,
          "revision": "b1e944cbd0ef33787b13f639a5418d55b3bed501",
          "version": "0.17.1"
        }
      }
    ]
  },
  "version": 1
}
