// !$*UTF8*$!
{
	archiveVersion = 1;
	classes = {
	};
	objectVersion = 55;
	objects = {

/* Begin PBXBuildFile section */
		2042BCEB289C696E0026514E /* AppDelegate.swift in Sources */ = {isa = PBXBuildFile; fileRef = 2042BCEA289C696E0026514E /* AppDelegate.swift */; };
		2042BCED289C696E0026514E /* SceneDelegate.swift in Sources */ = {isa = PBXBuildFile; fileRef = 2042BCEC289C696E0026514E /* SceneDelegate.swift */; };
		2042BCEF289C696E0026514E /* MapViewController.swift in Sources */ = {isa = PBXBuildFile; fileRef = 2042BCEE289C696E0026514E /* MapViewController.swift */; };
		2042BCF2289C696E0026514E /* Main.storyboard in Resources */ = {isa = PBXBuildFile; fileRef = 2042BCF0289C696E0026514E /* Main.storyboard */; };
		2042BCF4289C697A0026514E /* Assets.xcassets in Resources */ = {isa = PBXBuildFile; fileRef = 2042BCF3289C697A0026514E /* Assets.xcassets */; };
		2042BCF7289C697A0026514E /* LaunchScreen.storyboard in Resources */ = {isa = PBXBuildFile; fileRef = 2042BCF5289C697A0026514E /* LaunchScreen.storyboard */; };
		2C1676EE29A7D50C004DD9D3 /* MapClient.swift in Sources */ = {isa = PBXBuildFile; fileRef = 2C1676ED29A7D50B004DD9D3 /* MapClient.swift */; };
		2C1A361229B0674400AF3BEB /* String.swift in Sources */ = {isa = PBXBuildFile; fileRef = 2C1A361129B0674400AF3BEB /* String.swift */; };
		2C21058929F095C6005A0B46 /* LineTool settings.swift in Sources */ = {isa = PBXBuildFile; fileRef = 2C21058829F095C6005A0B46 /* LineTool settings.swift */; };
		2C21058D29F098F1005A0B46 /* OSM structures.swift in Sources */ = {isa = PBXBuildFile; fileRef = 2C5662C02912788600E5B4D5 /* OSM structures.swift */; };
		2C24FA502A0AFA6300C9ACA3 /* circle_location.svg in Resources */ = {isa = PBXBuildFile; fileRef = 2C24FA4F2A0AFA6300C9ACA3 /* circle_location.svg */; };
		2C27010C2A01AB6100A65363 /* Terms of service.md in Resources */ = {isa = PBXBuildFile; fileRef = 2C27010B2A01AB6000A65363 /* Terms of service.md */; };
		2C2F972829D53DB200A994C8 /* UpdateSourceDataProtocol.swift in Sources */ = {isa = PBXBuildFile; fileRef = 2C2F972729D53DB100A994C8 /* UpdateSourceDataProtocol.swift */; };
		2C450A762A326EFF001D73A9 /* TestViewController.swift in Sources */ = {isa = PBXBuildFile; fileRef = 2C450A752A326EFF001D73A9 /* TestViewController.swift */; };
		2C478A9929E69BCB004E35E1 /* MainViewController.swift in Sources */ = {isa = PBXBuildFile; fileRef = 2C478A9829E69BCB004E35E1 /* MainViewController.swift */; };
		2C478A9D29E6D558004E35E1 /* AuthViewController.swift in Sources */ = {isa = PBXBuildFile; fileRef = 2C478A9C29E6D557004E35E1 /* AuthViewController.swift */; };
		2C4EEE822986154300F9AAF9 /* UIViewController.swift in Sources */ = {isa = PBXBuildFile; fileRef = 2C4EEE812986154300F9AAF9 /* UIViewController.swift */; };
		2C5662BD291275FA00E5B4D5 /* OsmClient.swift in Sources */ = {isa = PBXBuildFile; fileRef = 2C5662BC291275FA00E5B4D5 /* OsmClient.swift */; };
		2C5662C12912788600E5B4D5 /* OSM structures.swift in Sources */ = {isa = PBXBuildFile; fileRef = 2C5662C02912788600E5B4D5 /* OSM structures.swift */; };
		2C6F1CC429DD40380091784B /* InfoObjectViewController.swift in Sources */ = {isa = PBXBuildFile; fileRef = 2C6F1CC329DD40370091784B /* InfoObjectViewController.swift */; };
		2C9DEBD429B526980058CCC2 /* JSOM presets.swift in Sources */ = {isa = PBXBuildFile; fileRef = 2C9DEBD329B526980058CCC2 /* JSOM presets.swift */; };
		2CA6A3F429CAB640004233E2 /* defaultPresets.xml in Resources */ = {isa = PBXBuildFile; fileRef = 2CA6A3F329CAB63F004233E2 /* defaultPresets.xml */; };
		2CA6A3FD29CAB965004233E2 /* LineToolsMethods.swift in Sources */ = {isa = PBXBuildFile; fileRef = 2CA6A3F729CAB964004233E2 /* LineToolsMethods.swift */; };
		2CA6A3FE29CAB965004233E2 /* LineToolsMethods.swift in Sources */ = {isa = PBXBuildFile; fileRef = 2CA6A3F729CAB964004233E2 /* LineToolsMethods.swift */; };
		2CA6A3FF29CAB965004233E2 /* Parser.swift in Sources */ = {isa = PBXBuildFile; fileRef = 2CA6A3F829CAB964004233E2 /* Parser.swift */; };
		2CA6A40229CAB965004233E2 /* main.swift in Sources */ = {isa = PBXBuildFile; fileRef = 2CA6A3F929CAB964004233E2 /* main.swift */; };
		2CA6A40529CABBC6004233E2 /* XMLCoder in Frameworks */ = {isa = PBXBuildFile; productRef = 2CA6A40429CABBC6004233E2 /* XMLCoder */; };
		2CA6A40829CAC0C7004233E2 /* JSOM presets.swift in Sources */ = {isa = PBXBuildFile; fileRef = 2C9DEBD329B526980058CCC2 /* JSOM presets.swift */; };
		2CA6A40A29CAC87D004233E2 /* defaultPresets.xml in CopyFiles */ = {isa = PBXBuildFile; fileRef = 2CA6A3F329CAB63F004233E2 /* defaultPresets.xml */; settings = {ATTRIBUTES = (CodeSignOnCopy, ); }; };
		2CA74E96291EE1BD00413930 /* AppSettings.swift in Sources */ = {isa = PBXBuildFile; fileRef = 2CA74E95291EE1BD00413930 /* AppSettings.swift */; };
		2CB58A6329ECF01800FD0E59 /* QuickGuideViewController.swift in Sources */ = {isa = PBXBuildFile; fileRef = 2CB58A6229ECF01800FD0E59 /* QuickGuideViewController.swift */; };
		2CCB304229D4553100C8E5E7 /* SelectObjectViewController.swift in Sources */ = {isa = PBXBuildFile; fileRef = 2CCB304129D4553100C8E5E7 /* SelectObjectViewController.swift */; };
		2CD2E7AC29D30D150042D36E /* MultiSelectViewController.swift in Sources */ = {isa = PBXBuildFile; fileRef = 2CD2E7AB29D30D150042D36E /* MultiSelectViewController.swift */; };
		2CD4B48429C6DC2B00040018 /* CategoryViewController.swift in Sources */ = {isa = PBXBuildFile; fileRef = 2CD4B48329C6DC2B00040018 /* CategoryViewController.swift */; };
		2CD4B48629C7475100040018 /* ItemTagsViewController.swift in Sources */ = {isa = PBXBuildFile; fileRef = 2CD4B48529C7475100040018 /* ItemTagsViewController.swift */; };
		2CD9133A29AB94F500A4A853 /* EditObjectViewController.swift in Sources */ = {isa = PBXBuildFile; fileRef = 2CD9133929AB94F500A4A853 /* EditObjectViewController.swift */; };
		2CDEA6D729862C2B00E5219D /* GLMapVectorObject.swift in Sources */ = {isa = PBXBuildFile; fileRef = 2CDEA6D629862C2B00E5219D /* GLMapVectorObject.swift */; };
		2CE00A812A253DA5008A6119 /* MapClientProtocol.swift in Sources */ = {isa = PBXBuildFile; fileRef = 2CE00A802A253DA5008A6119 /* MapClientProtocol.swift */; };
		2CF9E7732A0C9FFC003DB2CC /* UIColor.swift in Sources */ = {isa = PBXBuildFile; fileRef = 2CF9E7722A0C9FFC003DB2CC /* UIColor.swift */; };
		2CFF98E4299BE44D0045D6B8 /* SavedNodesViewController.swift in Sources */ = {isa = PBXBuildFile; fileRef = 2CFF98E3299BE44D0045D6B8 /* SavedNodesViewController.swift */; };
		6C76E75928EC12AE0048C378 /* FastHash.m in Sources */ = {isa = PBXBuildFile; fileRef = 6C76E75828EC12AE0048C378 /* FastHash.m */; };
		6C8B010C28FC030B00C9238D /* option_clean.cpp in Sources */ = {isa = PBXBuildFile; fileRef = 6C8B00FB28FC030B00C9238D /* option_clean.cpp */; };
		6C8B010D28FC030B00C9238D /* util.cpp in Sources */ = {isa = PBXBuildFile; fileRef = 6C8B00FC28FC030B00C9238D /* util.cpp */; };
		6C8B011028FC030B00C9238D /* export_format_json.cpp in Sources */ = {isa = PBXBuildFile; fileRef = 6C8B010328FC030B00C9238D /* export_format_json.cpp */; };
		6C8B011128FC030B00C9238D /* export_handler.cpp in Sources */ = {isa = PBXBuildFile; fileRef = 6C8B010728FC030B00C9238D /* export_handler.cpp */; };
		6CF514D928FB4B05001D2758 /* libbz2.tbd in Frameworks */ = {isa = PBXBuildFile; fileRef = 6CF514D828FB4B05001D2758 /* libbz2.tbd */; };
		6CF514DB28FB4B1F001D2758 /* libz.tbd in Frameworks */ = {isa = PBXBuildFile; fileRef = 6CF514DA28FB4B1F001D2758 /* libz.tbd */; };
		6CF514DF28FB4C14001D2758 /* libexpat.tbd in Frameworks */ = {isa = PBXBuildFile; fileRef = 6CF514DE28FB4C14001D2758 /* libexpat.tbd */; };
		6CF5D93928FB485F001D2758 /* osmium.mm in Sources */ = {isa = PBXBuildFile; fileRef = 6CF5D93828FB485F001D2758 /* osmium.mm */; };
		E3021DAC2A8FFF86000E789A /* MapStyles.swift in Sources */ = {isa = PBXBuildFile; fileRef = E3021DAB2A8FFF86000E789A /* MapStyles.swift */; };
		E3021DB82A909249000E789A /* SheetViewController.swift in Sources */ = {isa = PBXBuildFile; fileRef = E3021DB72A909249000E789A /* SheetViewController.swift */; };
		E34E4AE12A981ECD00D65A92 /* Presets.swift in Sources */ = {isa = PBXBuildFile; fileRef = E34E4AE02A981ECD00D65A92 /* Presets.swift */; };
		E3540AF42A71AE2E00649564 /* SavedNodeCell.swift in Sources */ = {isa = PBXBuildFile; fileRef = E3540AF32A71AE2E00649564 /* SavedNodeCell.swift */; };
		E3540AF62A71AE7400649564 /* SelectObjectCell.swift in Sources */ = {isa = PBXBuildFile; fileRef = E3540AF52A71AE7400649564 /* SelectObjectCell.swift */; };
		E3540AF82A71AF2000649564 /* SimpleCell.swift in Sources */ = {isa = PBXBuildFile; fileRef = E3540AF72A71AF2000649564 /* SimpleCell.swift */; };
		E3540AFA2A71AF5A00649564 /* CategoryCell.swift in Sources */ = {isa = PBXBuildFile; fileRef = E3540AF92A71AF5A00649564 /* CategoryCell.swift */; };
		E3540AFC2A71AF7D00649564 /* ItemCell.swift in Sources */ = {isa = PBXBuildFile; fileRef = E3540AFB2A71AF7D00649564 /* ItemCell.swift */; };
		E3540AFE2A71AFB400649564 /* CustomViews.swift in Sources */ = {isa = PBXBuildFile; fileRef = E3540AFD2A71AFB400649564 /* CustomViews.swift */; };
		E3540B012A71B01300649564 /* NavigationControllers.swift in Sources */ = {isa = PBXBuildFile; fileRef = E3540B002A71B01300649564 /* NavigationControllers.swift */; };
		E3540B032A71B0DF00649564 /* SelectValuesCell.swift in Sources */ = {isa = PBXBuildFile; fileRef = E3540B022A71B0DF00649564 /* SelectValuesCell.swift */; };
		E3540B052A71B1A300649564 /* CustomSafari.swift in Sources */ = {isa = PBXBuildFile; fileRef = E3540B042A71B1A300649564 /* CustomSafari.swift */; };
		E3540B072A71B1DB00649564 /* Buttons.swift in Sources */ = {isa = PBXBuildFile; fileRef = E3540B062A71B1DB00649564 /* Buttons.swift */; };
		E3540B092A71B26D00649564 /* AnyEnums.swift in Sources */ = {isa = PBXBuildFile; fileRef = E3540B082A71B26D00649564 /* AnyEnums.swift */; };
		E3540B0B2A71B2D600649564 /* AnyStructs.swift in Sources */ = {isa = PBXBuildFile; fileRef = E3540B0A2A71B2D600649564 /* AnyStructs.swift */; };
		E3540B0D2A71BDA100649564 /* MapButtonsView.swift in Sources */ = {isa = PBXBuildFile; fileRef = E3540B0C2A71BDA100649564 /* MapButtonsView.swift */; };
		E3540B132A71D1FA00649564 /* ScreenSettingsViewController.swift in Sources */ = {isa = PBXBuildFile; fileRef = E3540B122A71D1FA00649564 /* ScreenSettingsViewController.swift */; };
		E3540B152A71DAFE00649564 /* SecreenSettingsCell.swift in Sources */ = {isa = PBXBuildFile; fileRef = E3540B142A71DAFE00649564 /* SecreenSettingsCell.swift */; };
		E3AA63A82A7BBD14008BFBD5 /* ApiKeys.swift in Sources */ = {isa = PBXBuildFile; fileRef = E3AA63A72A7BBD14008BFBD5 /* ApiKeys.swift */; };
		E3B9A5CD2A463E0400C6839A /* GLMap in Frameworks */ = {isa = PBXBuildFile; productRef = E3B9A5CC2A463E0400C6839A /* GLMap */; };
		E3B9A5CF2A463E1800C6839A /* XMLCoder in Frameworks */ = {isa = PBXBuildFile; productRef = E3B9A5CE2A463E1800C6839A /* XMLCoder */; };
/* End PBXBuildFile section */

/* Begin PBXCopyFilesBuildPhase section */
		2CA6A3E629CAB373004233E2 /* CopyFiles */ = {
			isa = PBXCopyFilesBuildPhase;
			buildActionMask = 12;
			dstPath = "";
			dstSubfolderSpec = 7;
			files = (
				2CA6A40A29CAC87D004233E2 /* defaultPresets.xml in CopyFiles */,
			);
			runOnlyForDeploymentPostprocessing = 0;
		};
/* End PBXCopyFilesBuildPhase section */

/* Begin PBXFileReference section */
		2042BCE7289C696E0026514E /* OsmoTagger.app */ = {isa = PBXFileReference; explicitFileType = wrapper.application; includeInIndex = 0; path = OsmoTagger.app; sourceTree = BUILT_PRODUCTS_DIR; };
		2042BCEA289C696E0026514E /* AppDelegate.swift */ = {isa = PBXFileReference; lastKnownFileType = sourcecode.swift; path = AppDelegate.swift; sourceTree = "<group>"; };
		2042BCEC289C696E0026514E /* SceneDelegate.swift */ = {isa = PBXFileReference; lastKnownFileType = sourcecode.swift; path = SceneDelegate.swift; sourceTree = "<group>"; };
		2042BCEE289C696E0026514E /* MapViewController.swift */ = {isa = PBXFileReference; lastKnownFileType = sourcecode.swift; path = MapViewController.swift; sourceTree = "<group>"; };
		2042BCF1289C696E0026514E /* Base */ = {isa = PBXFileReference; lastKnownFileType = file.storyboard; name = Base; path = Base.lproj/Main.storyboard; sourceTree = "<group>"; };
		2042BCF3289C697A0026514E /* Assets.xcassets */ = {isa = PBXFileReference; lastKnownFileType = folder.assetcatalog; path = Assets.xcassets; sourceTree = "<group>"; };
		2042BCF6289C697A0026514E /* Base */ = {isa = PBXFileReference; lastKnownFileType = file.storyboard; name = Base; path = Base.lproj/LaunchScreen.storyboard; sourceTree = "<group>"; };
		2042BCF8289C697A0026514E /* Info.plist */ = {isa = PBXFileReference; lastKnownFileType = text.plist.xml; path = Info.plist; sourceTree = "<group>"; };
		2C1676ED29A7D50B004DD9D3 /* MapClient.swift */ = {isa = PBXFileReference; lastKnownFileType = sourcecode.swift; path = MapClient.swift; sourceTree = "<group>"; };
		2C1A361129B0674400AF3BEB /* String.swift */ = {isa = PBXFileReference; lastKnownFileType = sourcecode.swift; path = String.swift; sourceTree = "<group>"; };
		2C21058829F095C6005A0B46 /* LineTool settings.swift */ = {isa = PBXFileReference; lastKnownFileType = sourcecode.swift; path = "LineTool settings.swift"; sourceTree = "<group>"; };
		2C24FA4F2A0AFA6300C9ACA3 /* circle_location.svg */ = {isa = PBXFileReference; fileEncoding = 4; lastKnownFileType = text; path = circle_location.svg; sourceTree = "<group>"; };
		2C27010B2A01AB6000A65363 /* Terms of service.md */ = {isa = PBXFileReference; fileEncoding = 4; lastKnownFileType = net.daringfireball.markdown; path = "Terms of service.md"; sourceTree = "<group>"; };
		2C2F972729D53DB100A994C8 /* UpdateSourceDataProtocol.swift */ = {isa = PBXFileReference; lastKnownFileType = sourcecode.swift; path = UpdateSourceDataProtocol.swift; sourceTree = "<group>"; };
		2C450A752A326EFF001D73A9 /* TestViewController.swift */ = {isa = PBXFileReference; lastKnownFileType = sourcecode.swift; path = TestViewController.swift; sourceTree = "<group>"; };
		2C478A9829E69BCB004E35E1 /* MainViewController.swift */ = {isa = PBXFileReference; lastKnownFileType = sourcecode.swift; path = MainViewController.swift; sourceTree = "<group>"; };
		2C478A9C29E6D557004E35E1 /* AuthViewController.swift */ = {isa = PBXFileReference; lastKnownFileType = sourcecode.swift; path = AuthViewController.swift; sourceTree = "<group>"; };
		2C4EEE812986154300F9AAF9 /* UIViewController.swift */ = {isa = PBXFileReference; lastKnownFileType = sourcecode.swift; path = UIViewController.swift; sourceTree = "<group>"; };
		2C5662BC291275FA00E5B4D5 /* OsmClient.swift */ = {isa = PBXFileReference; lastKnownFileType = sourcecode.swift; path = OsmClient.swift; sourceTree = "<group>"; };
		2C5662C02912788600E5B4D5 /* OSM structures.swift */ = {isa = PBXFileReference; lastKnownFileType = sourcecode.swift; path = "OSM structures.swift"; sourceTree = "<group>"; };
		2C5D72E72A1B979C00074F23 /* work_plane.md */ = {isa = PBXFileReference; lastKnownFileType = net.daringfireball.markdown; path = work_plane.md; sourceTree = "<group>"; };
		2C6F1CC329DD40370091784B /* InfoObjectViewController.swift */ = {isa = PBXFileReference; lastKnownFileType = sourcecode.swift; path = InfoObjectViewController.swift; sourceTree = "<group>"; };
		2C9DEBD329B526980058CCC2 /* JSOM presets.swift */ = {isa = PBXFileReference; lastKnownFileType = sourcecode.swift; path = "JSOM presets.swift"; sourceTree = "<group>"; };
		2CA6A3E829CAB373004233E2 /* LineTool */ = {isa = PBXFileReference; explicitFileType = "compiled.mach-o.executable"; includeInIndex = 0; path = LineTool; sourceTree = BUILT_PRODUCTS_DIR; };
		2CA6A3F329CAB63F004233E2 /* defaultPresets.xml */ = {isa = PBXFileReference; fileEncoding = 4; lastKnownFileType = text.xml; path = defaultPresets.xml; sourceTree = "<group>"; };
		2CA6A3F729CAB964004233E2 /* LineToolsMethods.swift */ = {isa = PBXFileReference; fileEncoding = 4; lastKnownFileType = sourcecode.swift; path = LineToolsMethods.swift; sourceTree = "<group>"; };
		2CA6A3F829CAB964004233E2 /* Parser.swift */ = {isa = PBXFileReference; fileEncoding = 4; lastKnownFileType = sourcecode.swift; path = Parser.swift; sourceTree = "<group>"; };
		2CA6A3F929CAB964004233E2 /* main.swift */ = {isa = PBXFileReference; fileEncoding = 4; lastKnownFileType = sourcecode.swift; path = main.swift; sourceTree = "<group>"; };
		2CA74E95291EE1BD00413930 /* AppSettings.swift */ = {isa = PBXFileReference; lastKnownFileType = sourcecode.swift; path = AppSettings.swift; sourceTree = "<group>"; };
		2CAEF13D29FAD50B00894DED /* README.md */ = {isa = PBXFileReference; lastKnownFileType = net.daringfireball.markdown; path = README.md; sourceTree = "<group>"; };
		2CAEF13E29FB11D300894DED /* README.md */ = {isa = PBXFileReference; lastKnownFileType = net.daringfireball.markdown; path = README.md; sourceTree = "<group>"; };
		2CB58A6229ECF01800FD0E59 /* QuickGuideViewController.swift */ = {isa = PBXFileReference; lastKnownFileType = sourcecode.swift; path = QuickGuideViewController.swift; sourceTree = "<group>"; };
		2CCB304129D4553100C8E5E7 /* SelectObjectViewController.swift */ = {isa = PBXFileReference; lastKnownFileType = sourcecode.swift; path = SelectObjectViewController.swift; sourceTree = "<group>"; };
		2CD2E7AB29D30D150042D36E /* MultiSelectViewController.swift */ = {isa = PBXFileReference; lastKnownFileType = sourcecode.swift; path = MultiSelectViewController.swift; sourceTree = "<group>"; };
		2CD4B48329C6DC2B00040018 /* CategoryViewController.swift */ = {isa = PBXFileReference; lastKnownFileType = sourcecode.swift; path = CategoryViewController.swift; sourceTree = "<group>"; };
		2CD4B48529C7475100040018 /* ItemTagsViewController.swift */ = {isa = PBXFileReference; lastKnownFileType = sourcecode.swift; path = ItemTagsViewController.swift; sourceTree = "<group>"; };
		2CD9133929AB94F500A4A853 /* EditObjectViewController.swift */ = {isa = PBXFileReference; lastKnownFileType = sourcecode.swift; path = EditObjectViewController.swift; sourceTree = "<group>"; };
		2CDEA6D629862C2B00E5219D /* GLMapVectorObject.swift */ = {isa = PBXFileReference; lastKnownFileType = sourcecode.swift; path = GLMapVectorObject.swift; sourceTree = "<group>"; };
		2CE00A802A253DA5008A6119 /* MapClientProtocol.swift */ = {isa = PBXFileReference; lastKnownFileType = sourcecode.swift; path = MapClientProtocol.swift; sourceTree = "<group>"; };
		2CF9E7722A0C9FFC003DB2CC /* UIColor.swift */ = {isa = PBXFileReference; lastKnownFileType = sourcecode.swift; path = UIColor.swift; sourceTree = "<group>"; };
		2CFF98E3299BE44D0045D6B8 /* SavedNodesViewController.swift */ = {isa = PBXFileReference; lastKnownFileType = sourcecode.swift; path = SavedNodesViewController.swift; sourceTree = "<group>"; };
		6C5D15AE2ABB3957006C4C76 /* OsmoTagger.entitlements */ = {isa = PBXFileReference; lastKnownFileType = text.plist.entitlements; path = OsmoTagger.entitlements; sourceTree = "<group>"; };
		6C76E74A28EC11510048C378 /* OpenStreetEditor-Bridging-Header.h */ = {isa = PBXFileReference; lastKnownFileType = sourcecode.c.h; path = "OpenStreetEditor-Bridging-Header.h"; sourceTree = "<group>"; };
		6C76E74D28EC11650048C378 /* FastHash.h */ = {isa = PBXFileReference; lastKnownFileType = sourcecode.c.h; path = FastHash.h; sourceTree = "<group>"; };
		6C76E75828EC12AE0048C378 /* FastHash.m */ = {isa = PBXFileReference; lastKnownFileType = sourcecode.c.objc; path = FastHash.m; sourceTree = "<group>"; };
		6C8B00E228FBE0E500C9238D /* osmium.h */ = {isa = PBXFileReference; lastKnownFileType = sourcecode.c.h; path = osmium.h; sourceTree = "<group>"; };
		6C8B00FB28FC030B00C9238D /* option_clean.cpp */ = {isa = PBXFileReference; fileEncoding = 4; lastKnownFileType = sourcecode.cpp.cpp; path = option_clean.cpp; sourceTree = "<group>"; };
		6C8B00FC28FC030B00C9238D /* util.cpp */ = {isa = PBXFileReference; fileEncoding = 4; lastKnownFileType = sourcecode.cpp.cpp; path = util.cpp; sourceTree = "<group>"; };
		6C8B00FD28FC030B00C9238D /* command_export.hpp */ = {isa = PBXFileReference; fileEncoding = 4; lastKnownFileType = sourcecode.cpp.h; path = command_export.hpp; sourceTree = "<group>"; };
		6C8B00FE28FC030B00C9238D /* cmd.cpp */ = {isa = PBXFileReference; fileEncoding = 4; lastKnownFileType = sourcecode.cpp.cpp; path = cmd.cpp; sourceTree = "<group>"; };
		6C8B00FF28FC030B00C9238D /* command_export.cpp */ = {isa = PBXFileReference; fileEncoding = 4; lastKnownFileType = sourcecode.cpp.cpp; path = command_export.cpp; sourceTree = "<group>"; };
		6C8B010028FC030B00C9238D /* cmd.hpp */ = {isa = PBXFileReference; fileEncoding = 4; lastKnownFileType = sourcecode.cpp.h; path = cmd.hpp; sourceTree = "<group>"; };
		6C8B010128FC030B00C9238D /* option_clean.hpp */ = {isa = PBXFileReference; fileEncoding = 4; lastKnownFileType = sourcecode.cpp.h; path = option_clean.hpp; sourceTree = "<group>"; };
		6C8B010328FC030B00C9238D /* export_format_json.cpp */ = {isa = PBXFileReference; fileEncoding = 4; lastKnownFileType = sourcecode.cpp.cpp; path = export_format_json.cpp; sourceTree = "<group>"; };
		6C8B010428FC030B00C9238D /* export_handler.hpp */ = {isa = PBXFileReference; fileEncoding = 4; lastKnownFileType = sourcecode.cpp.h; path = export_handler.hpp; sourceTree = "<group>"; };
		6C8B010528FC030B00C9238D /* export_format.hpp */ = {isa = PBXFileReference; fileEncoding = 4; lastKnownFileType = sourcecode.cpp.h; path = export_format.hpp; sourceTree = "<group>"; };
		6C8B010628FC030B00C9238D /* ruleset.hpp */ = {isa = PBXFileReference; fileEncoding = 4; lastKnownFileType = sourcecode.cpp.h; path = ruleset.hpp; sourceTree = "<group>"; };
		6C8B010728FC030B00C9238D /* export_handler.cpp */ = {isa = PBXFileReference; fileEncoding = 4; lastKnownFileType = sourcecode.cpp.cpp; path = export_handler.cpp; sourceTree = "<group>"; };
		6C8B010828FC030B00C9238D /* options.hpp */ = {isa = PBXFileReference; fileEncoding = 4; lastKnownFileType = sourcecode.cpp.h; path = options.hpp; sourceTree = "<group>"; };
		6C8B010928FC030B00C9238D /* export_format_json.hpp */ = {isa = PBXFileReference; fileEncoding = 4; lastKnownFileType = sourcecode.cpp.h; path = export_format_json.hpp; sourceTree = "<group>"; };
		6C8B010A28FC030B00C9238D /* util.hpp */ = {isa = PBXFileReference; fileEncoding = 4; lastKnownFileType = sourcecode.cpp.h; path = util.hpp; sourceTree = "<group>"; };
		6C8B010B28FC030B00C9238D /* exception.hpp */ = {isa = PBXFileReference; fileEncoding = 4; lastKnownFileType = sourcecode.cpp.h; path = exception.hpp; sourceTree = "<group>"; };
		6CF514D828FB4B05001D2758 /* libbz2.tbd */ = {isa = PBXFileReference; lastKnownFileType = "sourcecode.text-based-dylib-definition"; name = libbz2.tbd; path = usr/lib/libbz2.tbd; sourceTree = SDKROOT; };
		6CF514DA28FB4B1F001D2758 /* libz.tbd */ = {isa = PBXFileReference; lastKnownFileType = "sourcecode.text-based-dylib-definition"; name = libz.tbd; path = usr/lib/libz.tbd; sourceTree = SDKROOT; };
		6CF514DC28FB4B2C001D2758 /* libxml2.tbd */ = {isa = PBXFileReference; lastKnownFileType = "sourcecode.text-based-dylib-definition"; name = libxml2.tbd; path = usr/lib/libxml2.tbd; sourceTree = SDKROOT; };
		6CF514DE28FB4C14001D2758 /* libexpat.tbd */ = {isa = PBXFileReference; lastKnownFileType = "sourcecode.text-based-dylib-definition"; name = libexpat.tbd; path = usr/lib/libexpat.tbd; sourceTree = SDKROOT; };
		6CF5D93828FB485F001D2758 /* osmium.mm */ = {isa = PBXFileReference; lastKnownFileType = sourcecode.cpp.objcpp; path = osmium.mm; sourceTree = "<group>"; };
		E3021DAB2A8FFF86000E789A /* MapStyles.swift */ = {isa = PBXFileReference; lastKnownFileType = sourcecode.swift; path = MapStyles.swift; sourceTree = "<group>"; };
		E3021DB72A909249000E789A /* SheetViewController.swift */ = {isa = PBXFileReference; lastKnownFileType = sourcecode.swift; path = SheetViewController.swift; sourceTree = "<group>"; };
		E34E4AE02A981ECD00D65A92 /* Presets.swift */ = {isa = PBXFileReference; lastKnownFileType = sourcecode.swift; path = Presets.swift; sourceTree = "<group>"; };
		E3540AF32A71AE2E00649564 /* SavedNodeCell.swift */ = {isa = PBXFileReference; lastKnownFileType = sourcecode.swift; path = SavedNodeCell.swift; sourceTree = "<group>"; };
		E3540AF52A71AE7400649564 /* SelectObjectCell.swift */ = {isa = PBXFileReference; lastKnownFileType = sourcecode.swift; path = SelectObjectCell.swift; sourceTree = "<group>"; };
		E3540AF72A71AF2000649564 /* SimpleCell.swift */ = {isa = PBXFileReference; lastKnownFileType = sourcecode.swift; path = SimpleCell.swift; sourceTree = "<group>"; };
		E3540AF92A71AF5A00649564 /* CategoryCell.swift */ = {isa = PBXFileReference; lastKnownFileType = sourcecode.swift; path = CategoryCell.swift; sourceTree = "<group>"; };
		E3540AFB2A71AF7D00649564 /* ItemCell.swift */ = {isa = PBXFileReference; lastKnownFileType = sourcecode.swift; path = ItemCell.swift; sourceTree = "<group>"; };
		E3540AFD2A71AFB400649564 /* CustomViews.swift */ = {isa = PBXFileReference; lastKnownFileType = sourcecode.swift; path = CustomViews.swift; sourceTree = "<group>"; };
		E3540B002A71B01300649564 /* NavigationControllers.swift */ = {isa = PBXFileReference; lastKnownFileType = sourcecode.swift; path = NavigationControllers.swift; sourceTree = "<group>"; };
		E3540B022A71B0DF00649564 /* SelectValuesCell.swift */ = {isa = PBXFileReference; lastKnownFileType = sourcecode.swift; path = SelectValuesCell.swift; sourceTree = "<group>"; };
		E3540B042A71B1A300649564 /* CustomSafari.swift */ = {isa = PBXFileReference; lastKnownFileType = sourcecode.swift; path = CustomSafari.swift; sourceTree = "<group>"; };
		E3540B062A71B1DB00649564 /* Buttons.swift */ = {isa = PBXFileReference; lastKnownFileType = sourcecode.swift; path = Buttons.swift; sourceTree = "<group>"; };
		E3540B082A71B26D00649564 /* AnyEnums.swift */ = {isa = PBXFileReference; lastKnownFileType = sourcecode.swift; path = AnyEnums.swift; sourceTree = "<group>"; };
		E3540B0A2A71B2D600649564 /* AnyStructs.swift */ = {isa = PBXFileReference; lastKnownFileType = sourcecode.swift; path = AnyStructs.swift; sourceTree = "<group>"; };
		E3540B0C2A71BDA100649564 /* MapButtonsView.swift */ = {isa = PBXFileReference; lastKnownFileType = sourcecode.swift; path = MapButtonsView.swift; sourceTree = "<group>"; };
		E3540B122A71D1FA00649564 /* ScreenSettingsViewController.swift */ = {isa = PBXFileReference; lastKnownFileType = sourcecode.swift; path = ScreenSettingsViewController.swift; sourceTree = "<group>"; };
		E3540B142A71DAFE00649564 /* SecreenSettingsCell.swift */ = {isa = PBXFileReference; lastKnownFileType = sourcecode.swift; path = SecreenSettingsCell.swift; sourceTree = "<group>"; };
		E3AA63A72A7BBD14008BFBD5 /* ApiKeys.swift */ = {isa = PBXFileReference; fileEncoding = 4; lastKnownFileType = sourcecode.swift; name = ApiKeys.swift; path = ../../../Downloads/ApiKeys.swift; sourceTree = "<group>"; };
/* End PBXFileReference section */

/* Begin PBXFrameworksBuildPhase section */
		2042BCE4289C696E0026514E /* Frameworks */ = {
			isa = PBXFrameworksBuildPhase;
			buildActionMask = 2147483647;
			files = (
				6CF514DF28FB4C14001D2758 /* libexpat.tbd in Frameworks */,
				6CF514DB28FB4B1F001D2758 /* libz.tbd in Frameworks */,
				E3B9A5CF2A463E1800C6839A /* XMLCoder in Frameworks */,
				E3B9A5CD2A463E0400C6839A /* GLMap in Frameworks */,
				6CF514D928FB4B05001D2758 /* libbz2.tbd in Frameworks */,
			);
			runOnlyForDeploymentPostprocessing = 0;
		};
		2CA6A3E529CAB373004233E2 /* Frameworks */ = {
			isa = PBXFrameworksBuildPhase;
			buildActionMask = 2147483647;
			files = (
				2CA6A40529CABBC6004233E2 /* XMLCoder in Frameworks */,
			);
			runOnlyForDeploymentPostprocessing = 0;
		};
/* End PBXFrameworksBuildPhase section */

/* Begin PBXGroup section */
		2042BCDE289C696E0026514E = {
			isa = PBXGroup;
			children = (
				2CA6A3F529CAB964004233E2 /* josm parse */,
				2CAEF13D29FAD50B00894DED /* README.md */,
				2C5D72E72A1B979C00074F23 /* work_plane.md */,
				2C27010B2A01AB6000A65363 /* Terms of service.md */,
				2042BCE9289C696E0026514E /* OsmoTagger */,
				2042BCE8289C696E0026514E /* Products */,
				6CF514D728FB4B05001D2758 /* Frameworks */,
			);
			sourceTree = "<group>";
		};
		2042BCE8289C696E0026514E /* Products */ = {
			isa = PBXGroup;
			children = (
				2042BCE7289C696E0026514E /* OsmoTagger.app */,
				2CA6A3E829CAB373004233E2 /* LineTool */,
			);
			name = Products;
			sourceTree = "<group>";
		};
		2042BCE9289C696E0026514E /* OsmoTagger */ = {
			isa = PBXGroup;
			children = (
				6C5D15AE2ABB3957006C4C76 /* OsmoTagger.entitlements */,
				2C24FA4E2A0AFA4700C9ACA3 /* Resources */,
				2C4EEE802986152200F9AAF9 /* Extensions */,
				2C5E0EA2295640EF003866CC /* Protocols */,
				2C0F05BC2921B393009BE3C1 /* Controllers */,
				2C5662C2291278BF00E5B4D5 /* Classes */,
				6C76E74928EC11110048C378 /* bridges */,
				2C1A361929B157FC00AF3BEB /* Structures */,
				2042BCEC289C696E0026514E /* SceneDelegate.swift */,
				E3AA63A72A7BBD14008BFBD5 /* ApiKeys.swift */,
				2042BCEA289C696E0026514E /* AppDelegate.swift */,
				2042BCF0289C696E0026514E /* Main.storyboard */,
				2042BCF3289C697A0026514E /* Assets.xcassets */,
				2042BCF5289C697A0026514E /* LaunchScreen.storyboard */,
				2042BCF8289C697A0026514E /* Info.plist */,
			);
			path = OsmoTagger;
			sourceTree = "<group>";
		};
		2C0F05BC2921B393009BE3C1 /* Controllers */ = {
			isa = PBXGroup;
			children = (
				2CFF98E3299BE44D0045D6B8 /* SavedNodesViewController.swift */,
				2CD9133929AB94F500A4A853 /* EditObjectViewController.swift */,
				2C6F1CC329DD40370091784B /* InfoObjectViewController.swift */,
				2C450A752A326EFF001D73A9 /* TestViewController.swift */,
				2042BCEE289C696E0026514E /* MapViewController.swift */,
				2CD2E7AB29D30D150042D36E /* MultiSelectViewController.swift */,
				2CCB304129D4553100C8E5E7 /* SelectObjectViewController.swift */,
				2CD4B48329C6DC2B00040018 /* CategoryViewController.swift */,
				2CD4B48529C7475100040018 /* ItemTagsViewController.swift */,
				2C58545829DBFC3200401786 /* Settings VC */,
			);
			path = Controllers;
			sourceTree = "<group>";
		};
		2C1A361929B157FC00AF3BEB /* Structures */ = {
			isa = PBXGroup;
			children = (
				E3540B0A2A71B2D600649564 /* AnyStructs.swift */,
				E3540B082A71B26D00649564 /* AnyEnums.swift */,
				2C5662C02912788600E5B4D5 /* OSM structures.swift */,
				2C9DEBD329B526980058CCC2 /* JSOM presets.swift */,
			);
			path = Structures;
			sourceTree = "<group>";
		};
		2C24FA4E2A0AFA4700C9ACA3 /* Resources */ = {
			isa = PBXGroup;
			children = (
				2C24FA4F2A0AFA6300C9ACA3 /* circle_location.svg */,
			);
			path = Resources;
			sourceTree = "<group>";
		};
		2C4EEE802986152200F9AAF9 /* Extensions */ = {
			isa = PBXGroup;
			children = (
				2C4EEE812986154300F9AAF9 /* UIViewController.swift */,
				2CF9E7722A0C9FFC003DB2CC /* UIColor.swift */,
				2CDEA6D629862C2B00E5219D /* GLMapVectorObject.swift */,
				2C1A361129B0674400AF3BEB /* String.swift */,
			);
			path = Extensions;
			sourceTree = "<group>";
		};
		2C5662C2291278BF00E5B4D5 /* Classes */ = {
			isa = PBXGroup;
			children = (
				E3540AF22A71ADFC00649564 /* Cells */,
				E3540AFF2A71AFD400649564 /* System */,
				E3540AFD2A71AFB400649564 /* CustomViews.swift */,
				E3540B042A71B1A300649564 /* CustomSafari.swift */,
				E3540B0C2A71BDA100649564 /* MapButtonsView.swift */,
				E3021DB72A909249000E789A /* SheetViewController.swift */,
				E3540B062A71B1DB00649564 /* Buttons.swift */,
				E3540B002A71B01300649564 /* NavigationControllers.swift */,
			);
			path = Classes;
			sourceTree = "<group>";
		};
		2C58545829DBFC3200401786 /* Settings VC */ = {
			isa = PBXGroup;
			children = (
				2C478A9829E69BCB004E35E1 /* MainViewController.swift */,
				2CB58A6229ECF01800FD0E59 /* QuickGuideViewController.swift */,
				E3540B122A71D1FA00649564 /* ScreenSettingsViewController.swift */,
				2C478A9C29E6D557004E35E1 /* AuthViewController.swift */,
			);
			path = "Settings VC";
			sourceTree = "<group>";
		};
		2C5E0EA2295640EF003866CC /* Protocols */ = {
			isa = PBXGroup;
			children = (
				2C2F972729D53DB100A994C8 /* UpdateSourceDataProtocol.swift */,
				2CE00A802A253DA5008A6119 /* MapClientProtocol.swift */,
			);
			path = Protocols;
			sourceTree = "<group>";
		};
		2CA6A3F529CAB964004233E2 /* josm parse */ = {
			isa = PBXGroup;
			children = (
				2CA6A3F729CAB964004233E2 /* LineToolsMethods.swift */,
				2CAEF13E29FB11D300894DED /* README.md */,
				2C21058829F095C6005A0B46 /* LineTool settings.swift */,
				2CA6A40929CAC765004233E2 /* Resources */,
				2CA6A3F929CAB964004233E2 /* main.swift */,
			);
			path = "josm parse";
			sourceTree = "<group>";
		};
		2CA6A40929CAC765004233E2 /* Resources */ = {
			isa = PBXGroup;
			children = (
				2CA6A3F329CAB63F004233E2 /* defaultPresets.xml */,
			);
			path = Resources;
			sourceTree = "<group>";
		};
		6C76E74928EC11110048C378 /* bridges */ = {
			isa = PBXGroup;
			children = (
				6C8B00FA28FC030B00C9238D /* tool */,
				6C76E74A28EC11510048C378 /* OpenStreetEditor-Bridging-Header.h */,
				6C76E74D28EC11650048C378 /* FastHash.h */,
				6C76E75828EC12AE0048C378 /* FastHash.m */,
				6CF5D93828FB485F001D2758 /* osmium.mm */,
				6C8B00E228FBE0E500C9238D /* osmium.h */,
			);
			path = bridges;
			sourceTree = "<group>";
		};
		6C8B00FA28FC030B00C9238D /* tool */ = {
			isa = PBXGroup;
			children = (
				6C8B010228FC030B00C9238D /* export */,
				6C8B00FE28FC030B00C9238D /* cmd.cpp */,
				6C8B010028FC030B00C9238D /* cmd.hpp */,
				6C8B00FF28FC030B00C9238D /* command_export.cpp */,
				6C8B00FD28FC030B00C9238D /* command_export.hpp */,
				6C8B010B28FC030B00C9238D /* exception.hpp */,
				6C8B00FB28FC030B00C9238D /* option_clean.cpp */,
				6C8B010128FC030B00C9238D /* option_clean.hpp */,
				6C8B00FC28FC030B00C9238D /* util.cpp */,
				6C8B010A28FC030B00C9238D /* util.hpp */,
			);
			path = tool;
			sourceTree = "<group>";
		};
		6C8B010228FC030B00C9238D /* export */ = {
			isa = PBXGroup;
			children = (
				6C8B010328FC030B00C9238D /* export_format_json.cpp */,
				6C8B010928FC030B00C9238D /* export_format_json.hpp */,
				6C8B010528FC030B00C9238D /* export_format.hpp */,
				6C8B010728FC030B00C9238D /* export_handler.cpp */,
				6C8B010428FC030B00C9238D /* export_handler.hpp */,
				6C8B010828FC030B00C9238D /* options.hpp */,
				6C8B010628FC030B00C9238D /* ruleset.hpp */,
			);
			path = export;
			sourceTree = "<group>";
		};
		6CF514D728FB4B05001D2758 /* Frameworks */ = {
			isa = PBXGroup;
			children = (
				6CF514DE28FB4C14001D2758 /* libexpat.tbd */,
				6CF514DC28FB4B2C001D2758 /* libxml2.tbd */,
				6CF514DA28FB4B1F001D2758 /* libz.tbd */,
				6CF514D828FB4B05001D2758 /* libbz2.tbd */,
			);
			name = Frameworks;
			sourceTree = "<group>";
		};
		E3540AF22A71ADFC00649564 /* Cells */ = {
			isa = PBXGroup;
			children = (
				E3540AF32A71AE2E00649564 /* SavedNodeCell.swift */,
				E3540AF52A71AE7400649564 /* SelectObjectCell.swift */,
				E3540B022A71B0DF00649564 /* SelectValuesCell.swift */,
				E3540AF72A71AF2000649564 /* SimpleCell.swift */,
				E3540AFB2A71AF7D00649564 /* ItemCell.swift */,
				E3540B142A71DAFE00649564 /* SecreenSettingsCell.swift */,
				E3540AF92A71AF5A00649564 /* CategoryCell.swift */,
			);
			path = Cells;
			sourceTree = "<group>";
		};
		E3540AFF2A71AFD400649564 /* System */ = {
			isa = PBXGroup;
			children = (
				2CA6A3F829CAB964004233E2 /* Parser.swift */,
				2C5662BC291275FA00E5B4D5 /* OsmClient.swift */,
				E34E4AE02A981ECD00D65A92 /* Presets.swift */,
				2C1676ED29A7D50B004DD9D3 /* MapClient.swift */,
				E3021DAB2A8FFF86000E789A /* MapStyles.swift */,
				2CA74E95291EE1BD00413930 /* AppSettings.swift */,
			);
			path = System;
			sourceTree = "<group>";
		};
/* End PBXGroup section */

/* Begin PBXNativeTarget section */
		2042BCE6289C696E0026514E /* OsmoTagger */ = {
			isa = PBXNativeTarget;
			buildConfigurationList = 2042BCFB289C697A0026514E /* Build configuration list for PBXNativeTarget "OsmoTagger" */;
			buildPhases = (
				2042BCE3289C696E0026514E /* Sources */,
				2042BCE4289C696E0026514E /* Frameworks */,
				2042BCE5289C696E0026514E /* Resources */,
			);
			buildRules = (
			);
			dependencies = (
			);
			name = OsmoTagger;
			packageProductDependencies = (
				E3B9A5CC2A463E0400C6839A /* GLMap */,
				E3B9A5CE2A463E1800C6839A /* XMLCoder */,
			);
			productName = "OSM editor";
			productReference = 2042BCE7289C696E0026514E /* OsmoTagger.app */;
			productType = "com.apple.product-type.application";
		};
		2CA6A3E729CAB373004233E2 /* LineTool */ = {
			isa = PBXNativeTarget;
			buildConfigurationList = 2CA6A3EC29CAB374004233E2 /* Build configuration list for PBXNativeTarget "LineTool" */;
			buildPhases = (
				2CA6A3E429CAB373004233E2 /* Sources */,
				2CA6A3E529CAB373004233E2 /* Frameworks */,
				2CA6A3E629CAB373004233E2 /* CopyFiles */,
			);
			buildRules = (
			);
			dependencies = (
			);
			name = LineTool;
			packageProductDependencies = (
				2CA6A40429CABBC6004233E2 /* XMLCoder */,
			);
			productName = LineTool;
			productReference = 2CA6A3E829CAB373004233E2 /* LineTool */;
			productType = "com.apple.product-type.tool";
		};
/* End PBXNativeTarget section */

/* Begin PBXProject section */
		2042BCDF289C696E0026514E /* Project object */ = {
			isa = PBXProject;
			attributes = {
				BuildIndependentTargetsInParallel = 1;
				LastSwiftUpdateCheck = 1320;
				LastUpgradeCheck = 1320;
				TargetAttributes = {
					2042BCE6289C696E0026514E = {
						CreatedOnToolsVersion = 13.2.1;
						LastSwiftMigration = 1400;
					};
					2CA6A3E729CAB373004233E2 = {
						CreatedOnToolsVersion = 13.2.1;
					};
				};
			};
			buildConfigurationList = 2042BCE2289C696E0026514E /* Build configuration list for PBXProject "OsmoTagger" */;
			compatibilityVersion = "Xcode 13.0";
			developmentRegion = en;
			hasScannedForEncodings = 0;
			knownRegions = (
				en,
				Base,
			);
			mainGroup = 2042BCDE289C696E0026514E;
			packageReferences = (
				2C529E3629102F8400F46972 /* XCRemoteSwiftPackageReference "XMLCoder" */,
				2CFB66C82A29269D00E474A3 /* XCRemoteSwiftPackageReference "GLMapSwift" */,
			);
			productRefGroup = 2042BCE8289C696E0026514E /* Products */;
			projectDirPath = "";
			projectRoot = "";
			targets = (
				2042BCE6289C696E0026514E /* OsmoTagger */,
				2CA6A3E729CAB373004233E2 /* LineTool */,
			);
		};
/* End PBXProject section */

/* Begin PBXResourcesBuildPhase section */
		2042BCE5289C696E0026514E /* Resources */ = {
			isa = PBXResourcesBuildPhase;
			buildActionMask = 2147483647;
			files = (
				2CA6A3F429CAB640004233E2 /* defaultPresets.xml in Resources */,
				2042BCF7289C697A0026514E /* LaunchScreen.storyboard in Resources */,
				2042BCF4289C697A0026514E /* Assets.xcassets in Resources */,
				2C24FA502A0AFA6300C9ACA3 /* circle_location.svg in Resources */,
				2C27010C2A01AB6100A65363 /* Terms of service.md in Resources */,
				2042BCF2289C696E0026514E /* Main.storyboard in Resources */,
			);
			runOnlyForDeploymentPostprocessing = 0;
		};
/* End PBXResourcesBuildPhase section */

/* Begin PBXSourcesBuildPhase section */
		2042BCE3289C696E0026514E /* Sources */ = {
			isa = PBXSourcesBuildPhase;
			buildActionMask = 2147483647;
			files = (
				2CD4B48629C7475100040018 /* ItemTagsViewController.swift in Sources */,
				2CE00A812A253DA5008A6119 /* MapClientProtocol.swift in Sources */,
				2CD9133A29AB94F500A4A853 /* EditObjectViewController.swift in Sources */,
				2CCB304229D4553100C8E5E7 /* SelectObjectViewController.swift in Sources */,
				2C5662C12912788600E5B4D5 /* OSM structures.swift in Sources */,
				E3540B032A71B0DF00649564 /* SelectValuesCell.swift in Sources */,
				E3540AF62A71AE7400649564 /* SelectObjectCell.swift in Sources */,
				2C5662BD291275FA00E5B4D5 /* OsmClient.swift in Sources */,
				2C9DEBD429B526980058CCC2 /* JSOM presets.swift in Sources */,
				E3540B052A71B1A300649564 /* CustomSafari.swift in Sources */,
				2CB58A6329ECF01800FD0E59 /* QuickGuideViewController.swift in Sources */,
				E3540AFE2A71AFB400649564 /* CustomViews.swift in Sources */,
				E3540B0B2A71B2D600649564 /* AnyStructs.swift in Sources */,
				E3540AFC2A71AF7D00649564 /* ItemCell.swift in Sources */,
				E3AA63A82A7BBD14008BFBD5 /* ApiKeys.swift in Sources */,
				2C450A762A326EFF001D73A9 /* TestViewController.swift in Sources */,
				6C8B010C28FC030B00C9238D /* option_clean.cpp in Sources */,
				6C8B010D28FC030B00C9238D /* util.cpp in Sources */,
				6C76E75928EC12AE0048C378 /* FastHash.m in Sources */,
				2CD2E7AC29D30D150042D36E /* MultiSelectViewController.swift in Sources */,
				6C8B011028FC030B00C9238D /* export_format_json.cpp in Sources */,
				E3540AFA2A71AF5A00649564 /* CategoryCell.swift in Sources */,
				2CFF98E4299BE44D0045D6B8 /* SavedNodesViewController.swift in Sources */,
				E3540AF82A71AF2000649564 /* SimpleCell.swift in Sources */,
				E3540B012A71B01300649564 /* NavigationControllers.swift in Sources */,
				E3540B092A71B26D00649564 /* AnyEnums.swift in Sources */,
				2C1A361229B0674400AF3BEB /* String.swift in Sources */,
				2C1676EE29A7D50C004DD9D3 /* MapClient.swift in Sources */,
				E3540B152A71DAFE00649564 /* SecreenSettingsCell.swift in Sources */,
				2042BCEF289C696E0026514E /* MapViewController.swift in Sources */,
				2CA6A3FF29CAB965004233E2 /* Parser.swift in Sources */,
				2C478A9929E69BCB004E35E1 /* MainViewController.swift in Sources */,
				2CDEA6D729862C2B00E5219D /* GLMapVectorObject.swift in Sources */,
				E3540AF42A71AE2E00649564 /* SavedNodeCell.swift in Sources */,
				E34E4AE12A981ECD00D65A92 /* Presets.swift in Sources */,
				2CD4B48429C6DC2B00040018 /* CategoryViewController.swift in Sources */,
				E3540B132A71D1FA00649564 /* ScreenSettingsViewController.swift in Sources */,
				E3021DAC2A8FFF86000E789A /* MapStyles.swift in Sources */,
				2CA74E96291EE1BD00413930 /* AppSettings.swift in Sources */,
				2C4EEE822986154300F9AAF9 /* UIViewController.swift in Sources */,
				2042BCEB289C696E0026514E /* AppDelegate.swift in Sources */,
				2C2F972829D53DB200A994C8 /* UpdateSourceDataProtocol.swift in Sources */,
				2CF9E7732A0C9FFC003DB2CC /* UIColor.swift in Sources */,
				E3540B072A71B1DB00649564 /* Buttons.swift in Sources */,
				6CF5D93928FB485F001D2758 /* osmium.mm in Sources */,
				6C8B011128FC030B00C9238D /* export_handler.cpp in Sources */,
				E3540B0D2A71BDA100649564 /* MapButtonsView.swift in Sources */,
				E3021DB82A909249000E789A /* SheetViewController.swift in Sources */,
				2C478A9D29E6D558004E35E1 /* AuthViewController.swift in Sources */,
				2C6F1CC429DD40380091784B /* InfoObjectViewController.swift in Sources */,
				2CA6A3FD29CAB965004233E2 /* LineToolsMethods.swift in Sources */,
				2042BCED289C696E0026514E /* SceneDelegate.swift in Sources */,
			);
			runOnlyForDeploymentPostprocessing = 0;
		};
		2CA6A3E429CAB373004233E2 /* Sources */ = {
			isa = PBXSourcesBuildPhase;
			buildActionMask = 2147483647;
			files = (
				2C21058D29F098F1005A0B46 /* OSM structures.swift in Sources */,
				2C21058929F095C6005A0B46 /* LineTool settings.swift in Sources */,
				2CA6A40829CAC0C7004233E2 /* JSOM presets.swift in Sources */,
				2CA6A3FE29CAB965004233E2 /* LineToolsMethods.swift in Sources */,
				2CA6A40229CAB965004233E2 /* main.swift in Sources */,
			);
			runOnlyForDeploymentPostprocessing = 0;
		};
/* End PBXSourcesBuildPhase section */

/* Begin PBXVariantGroup section */
		2042BCF0289C696E0026514E /* Main.storyboard */ = {
			isa = PBXVariantGroup;
			children = (
				2042BCF1289C696E0026514E /* Base */,
			);
			name = Main.storyboard;
			sourceTree = "<group>";
		};
		2042BCF5289C697A0026514E /* LaunchScreen.storyboard */ = {
			isa = PBXVariantGroup;
			children = (
				2042BCF6289C697A0026514E /* Base */,
			);
			name = LaunchScreen.storyboard;
			sourceTree = "<group>";
		};
/* End PBXVariantGroup section */

/* Begin XCBuildConfiguration section */
		2042BCF9289C697A0026514E /* Debug */ = {
			isa = XCBuildConfiguration;
			buildSettings = {
				CLANG_ANALYZER_NONNULL = YES;
				CLANG_ANALYZER_NUMBER_OBJECT_CONVERSION = YES_AGGRESSIVE;
				CLANG_CXX_LANGUAGE_STANDARD = "gnu++17";
				CLANG_CXX_LIBRARY = "libc++";
				CLANG_ENABLE_MODULES = YES;
				CLANG_ENABLE_OBJC_ARC = YES;
				CLANG_ENABLE_OBJC_WEAK = YES;
				CLANG_WARN_BLOCK_CAPTURE_AUTORELEASING = YES;
				CLANG_WARN_BOOL_CONVERSION = YES;
				CLANG_WARN_COMMA = YES;
				CLANG_WARN_CONSTANT_CONVERSION = YES;
				CLANG_WARN_DEPRECATED_OBJC_IMPLEMENTATIONS = YES;
				CLANG_WARN_DIRECT_OBJC_ISA_USAGE = YES_ERROR;
				CLANG_WARN_EMPTY_BODY = YES;
				CLANG_WARN_ENUM_CONVERSION = YES;
				CLANG_WARN_INFINITE_RECURSION = YES;
				CLANG_WARN_INT_CONVERSION = YES;
				CLANG_WARN_NON_LITERAL_NULL_CONVERSION = YES;
				CLANG_WARN_OBJC_IMPLICIT_RETAIN_SELF = YES;
				CLANG_WARN_OBJC_LITERAL_CONVERSION = YES;
				CLANG_WARN_OBJC_ROOT_CLASS = YES_ERROR;
				CLANG_WARN_QUOTED_INCLUDE_IN_FRAMEWORK_HEADER = YES;
				CLANG_WARN_RANGE_LOOP_ANALYSIS = YES;
				CLANG_WARN_STRICT_PROTOTYPES = YES;
				CLANG_WARN_SUSPICIOUS_MOVE = YES;
				CLANG_WARN_UNGUARDED_AVAILABILITY = YES_AGGRESSIVE;
				CLANG_WARN_UNREACHABLE_CODE = YES;
				CLANG_WARN__DUPLICATE_METHOD_MATCH = YES;
				COPY_PHASE_STRIP = NO;
				DEBUG_INFORMATION_FORMAT = dwarf;
				ENABLE_STRICT_OBJC_MSGSEND = YES;
				ENABLE_TESTABILITY = YES;
				GCC_C_LANGUAGE_STANDARD = gnu11;
				GCC_DYNAMIC_NO_PIC = NO;
				GCC_NO_COMMON_BLOCKS = YES;
				GCC_OPTIMIZATION_LEVEL = 0;
				GCC_PREPROCESSOR_DEFINITIONS = (
					"DEBUG=1",
					"$(inherited)",
				);
				GCC_WARN_64_TO_32_BIT_CONVERSION = YES;
				GCC_WARN_ABOUT_RETURN_TYPE = YES_ERROR;
				GCC_WARN_UNDECLARED_SELECTOR = YES;
				GCC_WARN_UNINITIALIZED_AUTOS = YES_AGGRESSIVE;
				GCC_WARN_UNUSED_FUNCTION = YES;
				GCC_WARN_UNUSED_VARIABLE = YES;
				IPHONEOS_DEPLOYMENT_TARGET = 15.6;
				MTL_ENABLE_DEBUG_INFO = INCLUDE_SOURCE;
				MTL_FAST_MATH = YES;
				ONLY_ACTIVE_ARCH = YES;
				SDKROOT = iphoneos;
				SWIFT_ACTIVE_COMPILATION_CONDITIONS = DEBUG;
				SWIFT_OPTIMIZATION_LEVEL = "-Onone";
			};
			name = Debug;
		};
		2042BCFA289C697A0026514E /* Release */ = {
			isa = XCBuildConfiguration;
			buildSettings = {
				CLANG_ANALYZER_NONNULL = YES;
				CLANG_ANALYZER_NUMBER_OBJECT_CONVERSION = YES_AGGRESSIVE;
				CLANG_CXX_LANGUAGE_STANDARD = "gnu++17";
				CLANG_CXX_LIBRARY = "libc++";
				CLANG_ENABLE_MODULES = YES;
				CLANG_ENABLE_OBJC_ARC = YES;
				CLANG_ENABLE_OBJC_WEAK = YES;
				CLANG_WARN_BLOCK_CAPTURE_AUTORELEASING = YES;
				CLANG_WARN_BOOL_CONVERSION = YES;
				CLANG_WARN_COMMA = YES;
				CLANG_WARN_CONSTANT_CONVERSION = YES;
				CLANG_WARN_DEPRECATED_OBJC_IMPLEMENTATIONS = YES;
				CLANG_WARN_DIRECT_OBJC_ISA_USAGE = YES_ERROR;
				CLANG_WARN_EMPTY_BODY = YES;
				CLANG_WARN_ENUM_CONVERSION = YES;
				CLANG_WARN_INFINITE_RECURSION = YES;
				CLANG_WARN_INT_CONVERSION = YES;
				CLANG_WARN_NON_LITERAL_NULL_CONVERSION = YES;
				CLANG_WARN_OBJC_IMPLICIT_RETAIN_SELF = YES;
				CLANG_WARN_OBJC_LITERAL_CONVERSION = YES;
				CLANG_WARN_OBJC_ROOT_CLASS = YES_ERROR;
				CLANG_WARN_QUOTED_INCLUDE_IN_FRAMEWORK_HEADER = YES;
				CLANG_WARN_RANGE_LOOP_ANALYSIS = YES;
				CLANG_WARN_STRICT_PROTOTYPES = YES;
				CLANG_WARN_SUSPICIOUS_MOVE = YES;
				CLANG_WARN_UNGUARDED_AVAILABILITY = YES_AGGRESSIVE;
				CLANG_WARN_UNREACHABLE_CODE = YES;
				CLANG_WARN__DUPLICATE_METHOD_MATCH = YES;
				COPY_PHASE_STRIP = NO;
				DEBUG_INFORMATION_FORMAT = "dwarf-with-dsym";
				ENABLE_NS_ASSERTIONS = NO;
				ENABLE_STRICT_OBJC_MSGSEND = YES;
				GCC_C_LANGUAGE_STANDARD = gnu11;
				GCC_NO_COMMON_BLOCKS = YES;
				GCC_WARN_64_TO_32_BIT_CONVERSION = YES;
				GCC_WARN_ABOUT_RETURN_TYPE = YES_ERROR;
				GCC_WARN_UNDECLARED_SELECTOR = YES;
				GCC_WARN_UNINITIALIZED_AUTOS = YES_AGGRESSIVE;
				GCC_WARN_UNUSED_FUNCTION = YES;
				GCC_WARN_UNUSED_VARIABLE = YES;
				IPHONEOS_DEPLOYMENT_TARGET = 15.6;
				MTL_ENABLE_DEBUG_INFO = NO;
				MTL_FAST_MATH = YES;
				SDKROOT = iphoneos;
				SWIFT_COMPILATION_MODE = wholemodule;
				SWIFT_OPTIMIZATION_LEVEL = "-O";
				VALIDATE_PRODUCT = YES;
			};
			name = Release;
		};
		2042BCFC289C697A0026514E /* Debug */ = {
			isa = XCBuildConfiguration;
			buildSettings = {
				ASSETCATALOG_COMPILER_APPICON_NAME = AppIcon;
				ASSETCATALOG_COMPILER_GLOBAL_ACCENT_COLOR_NAME = AccentColor;
				ASSETCATALOG_COMPILER_INCLUDE_ALL_APPICON_ASSETS = NO;
				CLANG_ENABLE_MODULES = YES;
				CODE_SIGN_ENTITLEMENTS = OsmoTagger/OsmoTagger.entitlements;
				CODE_SIGN_IDENTITY = "Apple Development";
				"CODE_SIGN_IDENTITY[sdk=iphoneos*]" = "iPhone Developer";
				"CODE_SIGN_IDENTITY[sdk=macosx*]" = "Apple Development";
				CODE_SIGN_STYLE = Manual;
				CURRENT_PROJECT_VERSION = 1;
				DEVELOPMENT_TEAM = "";
				"DEVELOPMENT_TEAM[sdk=iphoneos*]" = AS56W2YHKU;
				"DEVELOPMENT_TEAM[sdk=macosx*]" = AS56W2YHKU;
				ENABLE_BITCODE = NO;
				GENERATE_INFOPLIST_FILE = YES;
				HEADER_SEARCH_PATHS = "$(SRCROOT)/OsmoTagger/third_party";
				INFOPLIST_FILE = OsmoTagger/Info.plist;
				INFOPLIST_KEY_CFBundleDisplayName = OsmoTagger;
				INFOPLIST_KEY_NSLocationWhenInUseUsageDescription = "The app might use your location data to display it on the map.";
				INFOPLIST_KEY_UIApplicationSupportsIndirectInputEvents = YES;
				INFOPLIST_KEY_UILaunchStoryboardName = LaunchScreen;
				INFOPLIST_KEY_UIMainStoryboardFile = Main;
				INFOPLIST_KEY_UISupportedInterfaceOrientations_iPad = "UIInterfaceOrientationPortrait UIInterfaceOrientationPortraitUpsideDown UIInterfaceOrientationLandscapeLeft UIInterfaceOrientationLandscapeRight";
				INFOPLIST_KEY_UISupportedInterfaceOrientations_iPhone = "UIInterfaceOrientationPortrait UIInterfaceOrientationLandscapeLeft UIInterfaceOrientationLandscapeRight";
				IPHONEOS_DEPLOYMENT_TARGET = 15.2;
				LD_RUNPATH_SEARCH_PATHS = (
					"$(inherited)",
					"@executable_path/Frameworks",
				);
				MARKETING_VERSION = 1.0;
				PRODUCT_BUNDLE_IDENTIFIER = com.globus.osmotagger;
				PRODUCT_NAME = "$(TARGET_NAME)";
				PROVISIONING_PROFILE_SPECIFIER = "";
				"PROVISIONING_PROFILE_SPECIFIER[sdk=iphoneos*]" = "match Development com.globus.osmotagger";
				"PROVISIONING_PROFILE_SPECIFIER[sdk=macosx*]" = "match Development com.globus.osmotagger catalyst";
				SUPPORTED_PLATFORMS = "iphoneos iphonesimulator";
				SUPPORTS_MACCATALYST = YES;
				SUPPORTS_MAC_DESIGNED_FOR_IPHONE_IPAD = NO;
				SWIFT_EMIT_LOC_STRINGS = YES;
				SWIFT_OBJC_BRIDGING_HEADER = "OsmoTagger/bridges/OpenStreetEditor-Bridging-Header.h";
				SWIFT_OPTIMIZATION_LEVEL = "-Onone";
				SWIFT_VERSION = 5.0;
				TARGETED_DEVICE_FAMILY = "1,2";
			};
			name = Debug;
		};
		2042BCFD289C697A0026514E /* Release */ = {
			isa = XCBuildConfiguration;
			buildSettings = {
				ASSETCATALOG_COMPILER_APPICON_NAME = AppIcon;
				ASSETCATALOG_COMPILER_GLOBAL_ACCENT_COLOR_NAME = AccentColor;
				ASSETCATALOG_COMPILER_INCLUDE_ALL_APPICON_ASSETS = NO;
				CLANG_ENABLE_MODULES = YES;
				CODE_SIGN_ENTITLEMENTS = OsmoTagger/OsmoTagger.entitlements;
				CODE_SIGN_IDENTITY = "Apple Development";
				"CODE_SIGN_IDENTITY[sdk=iphoneos*]" = "iPhone Developer";
				"CODE_SIGN_IDENTITY[sdk=macosx*]" = "Apple Development";
				CODE_SIGN_STYLE = Manual;
				CURRENT_PROJECT_VERSION = 1;
				DEVELOPMENT_TEAM = "";
				"DEVELOPMENT_TEAM[sdk=iphoneos*]" = AS56W2YHKU;
				"DEVELOPMENT_TEAM[sdk=macosx*]" = AS56W2YHKU;
				ENABLE_BITCODE = NO;
				GENERATE_INFOPLIST_FILE = YES;
				HEADER_SEARCH_PATHS = "$(SRCROOT)/OsmoTagger/third_party";
				INFOPLIST_FILE = OsmoTagger/Info.plist;
				INFOPLIST_KEY_CFBundleDisplayName = OsmoTagger;
				INFOPLIST_KEY_NSLocationWhenInUseUsageDescription = "The app might use your location data to display it on the map.";
				INFOPLIST_KEY_UIApplicationSupportsIndirectInputEvents = YES;
				INFOPLIST_KEY_UILaunchStoryboardName = LaunchScreen;
				INFOPLIST_KEY_UIMainStoryboardFile = Main;
				INFOPLIST_KEY_UISupportedInterfaceOrientations_iPad = "UIInterfaceOrientationPortrait UIInterfaceOrientationPortraitUpsideDown UIInterfaceOrientationLandscapeLeft UIInterfaceOrientationLandscapeRight";
				INFOPLIST_KEY_UISupportedInterfaceOrientations_iPhone = "UIInterfaceOrientationPortrait UIInterfaceOrientationLandscapeLeft UIInterfaceOrientationLandscapeRight";
				IPHONEOS_DEPLOYMENT_TARGET = 15.2;
				LD_RUNPATH_SEARCH_PATHS = (
					"$(inherited)",
					"@executable_path/Frameworks",
				);
				MARKETING_VERSION = 1.0;
				PRODUCT_BUNDLE_IDENTIFIER = com.globus.osmotagger;
				PRODUCT_NAME = "$(TARGET_NAME)";
				PROVISIONING_PROFILE_SPECIFIER = "";
				"PROVISIONING_PROFILE_SPECIFIER[sdk=iphoneos*]" = "match Development com.globus.osmotagger";
				"PROVISIONING_PROFILE_SPECIFIER[sdk=macosx*]" = "match Development com.globus.osmotagger catalyst";
				SUPPORTED_PLATFORMS = "iphoneos iphonesimulator";
				SUPPORTS_MACCATALYST = YES;
				SUPPORTS_MAC_DESIGNED_FOR_IPHONE_IPAD = NO;
				SWIFT_EMIT_LOC_STRINGS = YES;
				SWIFT_OBJC_BRIDGING_HEADER = "OsmoTagger/bridges/OpenStreetEditor-Bridging-Header.h";
				SWIFT_VERSION = 5.0;
				TARGETED_DEVICE_FAMILY = "1,2";
			};
			name = Release;
		};
		2CA6A3ED29CAB374004233E2 /* Debug */ = {
			isa = XCBuildConfiguration;
			buildSettings = {
				ALWAYS_SEARCH_USER_PATHS = NO;
				CODE_SIGN_STYLE = Automatic;
				DEVELOPMENT_TEAM = H3H3AR5L6H;
				ENABLE_HARDENED_RUNTIME = YES;
				MACOSX_DEPLOYMENT_TARGET = 11.7;
				PRODUCT_NAME = "$(TARGET_NAME)";
				SDKROOT = macosx;
				SWIFT_VERSION = 5.0;
			};
			name = Debug;
		};
		2CA6A3EE29CAB374004233E2 /* Release */ = {
			isa = XCBuildConfiguration;
			buildSettings = {
				ALWAYS_SEARCH_USER_PATHS = NO;
				CODE_SIGN_STYLE = Automatic;
				DEVELOPMENT_TEAM = H3H3AR5L6H;
				ENABLE_HARDENED_RUNTIME = YES;
				MACOSX_DEPLOYMENT_TARGET = 11.7;
				PRODUCT_NAME = "$(TARGET_NAME)";
				SDKROOT = macosx;
				SWIFT_VERSION = 5.0;
			};
			name = Release;
		};
/* End XCBuildConfiguration section */

/* Begin XCConfigurationList section */
		2042BCE2289C696E0026514E /* Build configuration list for PBXProject "OsmoTagger" */ = {
			isa = XCConfigurationList;
			buildConfigurations = (
				2042BCF9289C697A0026514E /* Debug */,
				2042BCFA289C697A0026514E /* Release */,
			);
			defaultConfigurationIsVisible = 0;
			defaultConfigurationName = Release;
		};
		2042BCFB289C697A0026514E /* Build configuration list for PBXNativeTarget "OsmoTagger" */ = {
			isa = XCConfigurationList;
			buildConfigurations = (
				2042BCFC289C697A0026514E /* Debug */,
				2042BCFD289C697A0026514E /* Release */,
			);
			defaultConfigurationIsVisible = 0;
			defaultConfigurationName = Release;
		};
		2CA6A3EC29CAB374004233E2 /* Build configuration list for PBXNativeTarget "LineTool" */ = {
			isa = XCConfigurationList;
			buildConfigurations = (
				2CA6A3ED29CAB374004233E2 /* Debug */,
				2CA6A3EE29CAB374004233E2 /* Release */,
			);
			defaultConfigurationIsVisible = 0;
			defaultConfigurationName = Release;
		};
/* End XCConfigurationList section */

/* Begin XCRemoteSwiftPackageReference section */
		2C529E3629102F8400F46972 /* XCRemoteSwiftPackageReference "XMLCoder" */ = {
			isa = XCRemoteSwiftPackageReference;
			repositoryURL = "https://github.com/CoreOffice/XMLCoder";
			requirement = {
				kind = upToNextMajorVersion;
				minimumVersion = 0.9.0;
			};
		};
		2CFB66C82A29269D00E474A3 /* XCRemoteSwiftPackageReference "GLMapSwift" */ = {
			isa = XCRemoteSwiftPackageReference;
			repositoryURL = "https://github.com/GLMap/GLMapSwift";
			requirement = {
				branch = snapshot;
				kind = branch;
			};
		};
/* End XCRemoteSwiftPackageReference section */

/* Begin XCSwiftPackageProductDependency section */
		2CA6A40429CABBC6004233E2 /* XMLCoder */ = {
			isa = XCSwiftPackageProductDependency;
			package = 2C529E3629102F8400F46972 /* XCRemoteSwiftPackageReference "XMLCoder" */;
			productName = XMLCoder;
		};
		E3B9A5CC2A463E0400C6839A /* GLMap */ = {
			isa = XCSwiftPackageProductDependency;
			package = 2CFB66C82A29269D00E474A3 /* XCRemoteSwiftPackageReference "GLMapSwift" */;
			productName = GLMap;
		};
		E3B9A5CE2A463E1800C6839A /* XMLCoder */ = {
			isa = XCSwiftPackageProductDependency;
			package = 2C529E3629102F8400F46972 /* XCRemoteSwiftPackageReference "XMLCoder" */;
			productName = XMLCoder;
		};
/* End XCSwiftPackageProductDependency section */
	};
	rootObject = 2042BCDF289C696E0026514E /* Project object */;
}
